
Microsoft Visual Studio Solution File, Format Version 12.00
# Visual Studio Version 17
VisualStudioVersion = 17.14.36127.28
MinimumVisualStudioVersion = 10.0.40219.1
Project("{FAE04EC0-301F-11D3-BF4B-00C04F79EFBC}") = "Quiz", "Quiz.csproj", "{75CBA6DE-0B29-4A9E-B232-D6CCECC11D43}"
EndProject
Project("{FAE04EC0-301F-11D3-BF4B-00C04F79EFBC}") = "BLL", "..\BLL\BLL.csproj", "{117A2F2E-30D6-4D33-9CD0-E1C770EBD06C}"
EndProject
Project("{FAE04EC0-301F-11D3-BF4B-00C04F79EFBC}") = "DAL", "..\DAL\DAL.csproj", "{C0847B37-A985-41FE-B006-CABA6A888C65}"
EndProject
Project("{FAE04EC0-301F-11D3-BF4B-00C04F79EFBC}") = "Quiz.Server", "..\Quiz.Server\Quiz.Server.csproj", "{3D440AE4-F561-49C1-BEDD-D1AF51CCB5CD}"
EndProject
Project("{FAE04EC0-301F-11D3-BF4B-00C04F79EFBC}") = "Share", "..\Share\Share.csproj", "{62938442-D9C7-48C7-B788-B8EFC3A8C88F}"
EndProject
Global
	GlobalSection(SolutionConfigurationPlatforms) = preSolution
		Debug|Any CPU = Debug|Any CPU
		Release|Any CPU = Release|Any CPU
	EndGlobalSection
	GlobalSection(ProjectConfigurationPlatforms) = postSolution
		{75CBA6DE-0B29-4A9E-B232-D6CCECC11D43}.Debug|Any CPU.ActiveCfg = Debug|Any CPU
		{75CBA6DE-0B29-4A9E-B232-D6CCECC11D43}.Debug|Any CPU.Build.0 = Debug|Any CPU
		{75CBA6DE-0B29-4A9E-B232-D6CCECC11D43}.Release|Any CPU.ActiveCfg = Release|Any CPU
		{75CBA6DE-0B29-4A9E-B232-D6CCECC11D43}.Release|Any CPU.Build.0 = Release|Any CPU
		{117A2F2E-30D6-4D33-9CD0-E1C770EBD06C}.Debug|Any CPU.ActiveCfg = Debug|Any CPU
		{117A2F2E-30D6-4D33-9CD0-E1C770EBD06C}.Debug|Any CPU.Build.0 = Debug|Any CPU
		{117A2F2E-30D6-4D33-9CD0-E1C770EBD06C}.Release|Any CPU.ActiveCfg = Release|Any CPU
		{117A2F2E-30D6-4D33-9CD0-E1C770EBD06C}.Release|Any CPU.Build.0 = Release|Any CPU
		{C0847B37-A985-41FE-B006-CABA6A888C65}.Debug|Any CPU.ActiveCfg = Debug|Any CPU
		{C0847B37-A985-41FE-B006-CABA6A888C65}.Debug|Any CPU.Build.0 = Debug|Any CPU
		{C0847B37-A985-41FE-B006-CABA6A888C65}.Release|Any CPU.ActiveCfg = Release|Any CPU
		{C0847B37-A985-41FE-B006-CABA6A888C65}.Release|Any CPU.Build.0 = Release|Any CPU
		{3D440AE4-F561-49C1-BEDD-D1AF51CCB5CD}.Debug|Any CPU.ActiveCfg = Debug|Any CPU
		{3D440AE4-F561-49C1-BEDD-D1AF51CCB5CD}.Debug|Any CPU.Build.0 = Debug|Any CPU
		{3D440AE4-F561-49C1-BEDD-D1AF51CCB5CD}.Release|Any CPU.ActiveCfg = Release|Any CPU
		{3D440AE4-F561-49C1-BEDD-D1AF51CCB5CD}.Release|Any CPU.Build.0 = Release|Any CPU
		{62938442-D9C7-48C7-B788-B8EFC3A8C88F}.Debug|Any CPU.ActiveCfg = Debug|Any CPU
		{62938442-D9C7-48C7-B788-B8EFC3A8C88F}.Debug|Any CPU.Build.0 = Debug|Any CPU
		{62938442-D9C7-48C7-B788-B8EFC3A8C88F}.Release|Any CPU.ActiveCfg = Release|Any CPU
		{62938442-D9C7-48C7-B788-B8EFC3A8C88F}.Release|Any CPU.Build.0 = Release|Any CPU
	EndGlobalSection
	GlobalSection(SolutionProperties) = preSolution
		HideSolutionNode = FALSE
	EndGlobalSection
	GlobalSection(ExtensibilityGlobals) = postSolution
		SolutionGuid = {8DF049AF-9F41-4522-A37D-E5D4B2641686}
	EndGlobalSection
EndGlobal
